// !$*UTF8*$!
{
	archiveVersion = 1;
	classes = {
	};
	objectVersion = 56;
	objects = {

/* Begin PBXBuildFile section */
		372677E22ECEDAD30017AC87 /* ActivityDetailView.swift in Sources */ = {isa = PBXBuildFile; fileRef = 372677DA2ECEDAD30017AC87 /* ActivityDetailView.swift */; };
		372677E32ECEDAD30017AC87 /* Workout.swift in Sources */ = {isa = PBXBuildFile; fileRef = 372677D32ECEDAD30017AC87 /* Workout.swift */; };
		372677E42ECEDAD30017AC87 /* HistoryView.swift in Sources */ = {isa = PBXBuildFile; fileRef = 372677DD2ECEDAD30017AC87 /* HistoryView.swift */; };
		372677E52ECEDAD30017AC87 /* APIClient.swift in Sources */ = {isa = PBXBuildFile; fileRef = 372677D52ECEDAD30017AC87 /* APIClient.swift */; };
		372677E62ECEDAD30017AC87 /* ServerConfig.swift in Sources */ = {isa = PBXBuildFile; fileRef = 372677D22ECEDAD30017AC87 /* ServerConfig.swift */; };
		372677E72ECEDAD30017AC87 /* OnboardingView.swift in Sources */ = {isa = PBXBuildFile; fileRef = 372677DE2ECEDAD30017AC87 /* OnboardingView.swift */; };
		372677E82ECEDAD30017AC87 /* StatCard.swift in Sources */ = {isa = PBXBuildFile; fileRef = 372677D82ECEDAD30017AC87 /* StatCard.swift */; };
		372677EA2ECEDAD30017AC87 /* TodayView.swift in Sources */ = {isa = PBXBuildFile; fileRef = 372677E02ECEDAD30017AC87 /* TodayView.swift */; };
		372677EB2ECEDAD30017AC87 /* ContentView.swift in Sources */ = {isa = PBXBuildFile; fileRef = 372677DC2ECEDAD30017AC87 /* ContentView.swift */; };
		372677EC2ECEDAD30017AC87 /* SettingsView.swift in Sources */ = {isa = PBXBuildFile; fileRef = 372677DF2ECEDAD30017AC87 /* SettingsView.swift */; };
		372677ED2ECEDAD30017AC87 /* HealthKitManager.swift in Sources */ = {isa = PBXBuildFile; fileRef = 372677D62ECEDAD30017AC87 /* HealthKitManager.swift */; };
		372678122ED131690017AC87 /* SyncStateManager.swift in Sources */ = {isa = PBXBuildFile; fileRef = 372678102ED131690017AC87 /* SyncStateManager.swift */; };
		372678132ED131690017AC87 /* WebSocketManager.swift in Sources */ = {isa = PBXBuildFile; fileRef = 372678112ED131690017AC87 /* WebSocketManager.swift */; };
		375A554F2ED56BF800EBAA54 /* UnitPreference.swift in Sources */ = {isa = PBXBuildFile; fileRef = 375A554E2ED56BF800EBAA54 /* UnitPreference.swift */; };
		AA000001 /* WalkPadSyncApp.swift in Sources */ = {isa = PBXBuildFile; fileRef = BB000001 /* WalkPadSyncApp.swift */; };
		BB000015 /* Assets.xcassets in Resources */ = {isa = PBXBuildFile; fileRef = BB000014 /* Assets.xcassets */; };
/* End PBXBuildFile section */

/* Begin PBXFileReference section */
		372677D22ECEDAD30017AC87 /* ServerConfig.swift */ = {isa = PBXFileReference; lastKnownFileType = sourcecode.swift; path = ServerConfig.swift; sourceTree = "<group>"; };
		372677D32ECEDAD30017AC87 /* Workout.swift */ = {isa = PBXFileReference; lastKnownFileType = sourcecode.swift; path = Workout.swift; sourceTree = "<group>"; };
		372677D52ECEDAD30017AC87 /* APIClient.swift */ = {isa = PBXFileReference; lastKnownFileType = sourcecode.swift; path = APIClient.swift; sourceTree = "<group>"; };
		372677D62ECEDAD30017AC87 /* HealthKitManager.swift */ = {isa = PBXFileReference; lastKnownFileType = sourcecode.swift; path = HealthKitManager.swift; sourceTree = "<group>"; };
		372677D82ECEDAD30017AC87 /* StatCard.swift */ = {isa = PBXFileReference; lastKnownFileType = sourcecode.swift; path = StatCard.swift; sourceTree = "<group>"; };
		372677DA2ECEDAD30017AC87 /* ActivityDetailView.swift */ = {isa = PBXFileReference; lastKnownFileType = sourcecode.swift; path = ActivityDetailView.swift; sourceTree = "<group>"; };
		372677DC2ECEDAD30017AC87 /* ContentView.swift */ = {isa = PBXFileReference; lastKnownFileType = sourcecode.swift; path = ContentView.swift; sourceTree = "<group>"; };
		372677DD2ECEDAD30017AC87 /* HistoryView.swift */ = {isa = PBXFileReference; lastKnownFileType = sourcecode.swift; path = HistoryView.swift; sourceTree = "<group>"; };
		372677DE2ECEDAD30017AC87 /* OnboardingView.swift */ = {isa = PBXFileReference; lastKnownFileType = sourcecode.swift; path = OnboardingView.swift; sourceTree = "<group>"; };
		372677DF2ECEDAD30017AC87 /* SettingsView.swift */ = {isa = PBXFileReference; lastKnownFileType = sourcecode.swift; path = SettingsView.swift; sourceTree = "<group>"; };
		372677E02ECEDAD30017AC87 /* TodayView.swift */ = {isa = PBXFileReference; lastKnownFileType = sourcecode.swift; path = TodayView.swift; sourceTree = "<group>"; };
		372678102ED131690017AC87 /* SyncStateManager.swift */ = {isa = PBXFileReference; lastKnownFileType = sourcecode.swift; path = SyncStateManager.swift; sourceTree = "<group>"; };
		372678112ED131690017AC87 /* WebSocketManager.swift */ = {isa = PBXFileReference; lastKnownFileType = sourcecode.swift; path = WebSocketManager.swift; sourceTree = "<group>"; };
		375A554E2ED56BF800EBAA54 /* UnitPreference.swift */ = {isa = PBXFileReference; lastKnownFileType = sourcecode.swift; path = UnitPreference.swift; sourceTree = "<group>"; };
		BB000001 /* WalkPadSyncApp.swift */ = {isa = PBXFileReference; lastKnownFileType = sourcecode.swift; path = WalkPadSyncApp.swift; sourceTree = "<group>"; };
		BB000011 /* Info.plist */ = {isa = PBXFileReference; lastKnownFileType = text.plist.xml; path = Info.plist; sourceTree = "<group>"; };
		BB000012 /* WalkPadSync.entitlements */ = {isa = PBXFileReference; lastKnownFileType = text.plist.entitlements; path = WalkPadSync.entitlements; sourceTree = "<group>"; };
		BB000013 /* PrivacyInfo.xcprivacy */ = {isa = PBXFileReference; lastKnownFileType = text.plist.xml; path = PrivacyInfo.xcprivacy; sourceTree = "<group>"; };
		BB000014 /* Assets.xcassets */ = {isa = PBXFileReference; lastKnownFileType = folder.assetcatalog; path = Assets.xcassets; sourceTree = "<group>"; };
		CC000001 /* WalkPadSync.app */ = {isa = PBXFileReference; explicitFileType = wrapper.application; includeInIndex = 0; path = WalkPadSync.app; sourceTree = BUILT_PRODUCTS_DIR; };
/* End PBXFileReference section */

/* Begin PBXFrameworksBuildPhase section */
		DD000001 /* Frameworks */ = {
			isa = PBXFrameworksBuildPhase;
			buildActionMask = 2147483647;
			files = (
			);
			runOnlyForDeploymentPostprocessing = 0;
		};
/* End PBXFrameworksBuildPhase section */

/* Begin PBXGroup section */
		372677D42ECEDAD30017AC87 /* Models */ = {
			isa = PBXGroup;
			children = (
				372677D22ECEDAD30017AC87 /* ServerConfig.swift */,
				372677D32ECEDAD30017AC87 /* Workout.swift */,
				375A554E2ED56BF800EBAA54 /* UnitPreference.swift */,
			);
			path = Models;
			sourceTree = "<group>";
		};
		372677D72ECEDAD30017AC87 /* Services */ = {
			isa = PBXGroup;
			children = (
				372677D52ECEDAD30017AC87 /* APIClient.swift */,
				372677D62ECEDAD30017AC87 /* HealthKitManager.swift */,
				372678102ED131690017AC87 /* SyncStateManager.swift */,
				372678112ED131690017AC87 /* WebSocketManager.swift */,
			);
			path = Services;
			sourceTree = "<group>";
		};
		372677D92ECEDAD30017AC87 /* Components */ = {
			isa = PBXGroup;
			children = (
				372677D82ECEDAD30017AC87 /* StatCard.swift */,
			);
			path = Components;
			sourceTree = "<group>";
		};
		372677E12ECEDAD30017AC87 /* Views */ = {
			isa = PBXGroup;
			children = (
				372677D92ECEDAD30017AC87 /* Components */,
				372677DA2ECEDAD30017AC87 /* ActivityDetailView.swift */,
				372677DC2ECEDAD30017AC87 /* ContentView.swift */,
				372677DD2ECEDAD30017AC87 /* HistoryView.swift */,
				372677DE2ECEDAD30017AC87 /* OnboardingView.swift */,
				372677DF2ECEDAD30017AC87 /* SettingsView.swift */,
				372677E02ECEDAD30017AC87 /* TodayView.swift */,
			);
			path = Views;
			sourceTree = "<group>";
		};
		EE000001 = {
			isa = PBXGroup;
			children = (
				EE000002 /* ios */,
				EE000003 /* Products */,
			);
			sourceTree = "<group>";
		};
		EE000002 /* ios */ = {
			isa = PBXGroup;
			children = (
				BB000001 /* WalkPadSyncApp.swift */,
				BB000014 /* Assets.xcassets */,
				BB000011 /* Info.plist */,
				BB000012 /* WalkPadSync.entitlements */,
				BB000013 /* PrivacyInfo.xcprivacy */,
				372677D42ECEDAD30017AC87 /* Models */,
				372677D72ECEDAD30017AC87 /* Services */,
				372677E12ECEDAD30017AC87 /* Views */,
			);
			path = ios;
			sourceTree = "<group>";
		};
		EE000003 /* Products */ = {
			isa = PBXGroup;
			children = (
				CC000001 /* WalkPadSync.app */,
			);
			name = Products;
			sourceTree = "<group>";
		};
/* End PBXGroup section */

/* Begin PBXNativeTarget section */
		FF000001 /* WalkPadSync */ = {
			isa = PBXNativeTarget;
			buildConfigurationList = FF000002 /* Build configuration list for PBXNativeTarget "WalkPadSync" */;
			buildPhases = (
				FF000003 /* Sources */,
				DD000001 /* Frameworks */,
				FF000004 /* Resources */,
			);
			buildRules = (
			);
			dependencies = (
			);
			name = WalkPadSync;
			productName = WalkPadSync;
			productReference = CC000001 /* WalkPadSync.app */;
			productType = "com.apple.product-type.application";
		};
/* End PBXNativeTarget section */

/* Begin PBXProject section */
		GG000001 /* Project object */ = {
			isa = PBXProject;
			attributes = {
				BuildIndependentTargetsInParallel = 1;
				LastSwiftUpdateCheck = 1500;
				LastUpgradeCheck = 1500;
				TargetAttributes = {
					FF000001 = {
						CreatedOnToolsVersion = 15.0;
					};
				};
			};
			buildConfigurationList = GG000002 /* Build configuration list for PBXProject "WalkPadSync" */;
			compatibilityVersion = "Xcode 14.0";
			developmentRegion = en;
			hasScannedForEncodings = 0;
			knownRegions = (
				en,
				Base,
			);
			mainGroup = EE000001;
			productRefGroup = EE000003 /* Products */;
			projectDirPath = "";
			projectRoot = "";
			targets = (
				FF000001 /* WalkPadSync */,
			);
		};
/* End PBXProject section */

/* Begin PBXResourcesBuildPhase section */
		FF000004 /* Resources */ = {
			isa = PBXResourcesBuildPhase;
			buildActionMask = 2147483647;
			files = (
				BB000015 /* Assets.xcassets in Resources */,
			);
			runOnlyForDeploymentPostprocessing = 0;
		};
/* End PBXResourcesBuildPhase section */

/* Begin PBXSourcesBuildPhase section */
		FF000003 /* Sources */ = {
			isa = PBXSourcesBuildPhase;
			buildActionMask = 2147483647;
			files = (
				AA000001 /* WalkPadSyncApp.swift in Sources */,
				372677E22ECEDAD30017AC87 /* ActivityDetailView.swift in Sources */,
				372677E32ECEDAD30017AC87 /* Workout.swift in Sources */,
				372677E42ECEDAD30017AC87 /* HistoryView.swift in Sources */,
				375A554F2ED56BF800EBAA54 /* UnitPreference.swift in Sources */,
				372677E52ECEDAD30017AC87 /* APIClient.swift in Sources */,
				372677E62ECEDAD30017AC87 /* ServerConfig.swift in Sources */,
				372677E72ECEDAD30017AC87 /* OnboardingView.swift in Sources */,
				372678122ED131690017AC87 /* SyncStateManager.swift in Sources */,
				372678132ED131690017AC87 /* WebSocketManager.swift in Sources */,
				372677E82ECEDAD30017AC87 /* StatCard.swift in Sources */,
				372677EA2ECEDAD30017AC87 /* TodayView.swift in Sources */,
				372677EB2ECEDAD30017AC87 /* ContentView.swift in Sources */,
				372677EC2ECEDAD30017AC87 /* SettingsView.swift in Sources */,
				372677ED2ECEDAD30017AC87 /* HealthKitManager.swift in Sources */,
			);
			runOnlyForDeploymentPostprocessing = 0;
		};
/* End PBXSourcesBuildPhase section */

/* Begin XCBuildConfiguration section */
		HH000001 /* Debug */ = {
			isa = XCBuildConfiguration;
			buildSettings = {
				ALWAYS_SEARCH_USER_PATHS = NO;
				ASSETCATALOG_COMPILER_GENERATE_SWIFT_ASSET_SYMBOL_EXTENSIONS = YES;
				CLANG_ANALYZER_NONNULL = YES;
				CLANG_ANALYZER_NUMBER_OBJECT_CONVERSION = YES_AGGRESSIVE;
				CLANG_CXX_LANGUAGE_STANDARD = "gnu++20";
				CLANG_ENABLE_MODULES = YES;
				CLANG_ENABLE_OBJC_ARC = YES;
				CLANG_ENABLE_OBJC_WEAK = YES;
				CLANG_WARN_BLOCK_CAPTURE_AUTORELEASING = YES;
				CLANG_WARN_BOOL_CONVERSION = YES;
				CLANG_WARN_COMMA = YES;
				CLANG_WARN_CONSTANT_CONVERSION = YES;
				CLANG_WARN_DEPRECATED_OBJC_IMPLEMENTATIONS = YES;
				CLANG_WARN_DIRECT_OBJC_ISA_USAGE = YES_ERROR;
				CLANG_WARN_DOCUMENTATION_COMMENTS = YES;
				CLANG_WARN_EMPTY_BODY = YES;
				CLANG_WARN_ENUM_CONVERSION = YES;
				CLANG_WARN_INFINITE_RECURSION = YES;
				CLANG_WARN_INT_CONVERSION = YES;
				CLANG_WARN_NON_LITERAL_NULL_CONVERSION = YES;
				CLANG_WARN_OBJC_IMPLICIT_RETAIN_SELF = YES;
				CLANG_WARN_OBJC_LITERAL_CONVERSION = YES;
				CLANG_WARN_OBJC_ROOT_CLASS = YES_ERROR;
				CLANG_WARN_QUOTED_INCLUDE_IN_FRAMEWORK_HEADER = YES;
				CLANG_WARN_RANGE_LOOP_ANALYSIS = YES;
				CLANG_WARN_STRICT_PROTOTYPES = YES;
				CLANG_WARN_SUSPICIOUS_MOVE = YES;
				CLANG_WARN_UNGUARDED_AVAILABILITY = YES_AGGRESSIVE;
				CLANG_WARN_UNREACHABLE_CODE = YES;
				CLANG_WARN__DUPLICATE_METHOD_MATCH = YES;
				COPY_PHASE_STRIP = NO;
				DEBUG_INFORMATION_FORMAT = dwarf;
				ENABLE_STRICT_OBJC_MSGSEND = YES;
				ENABLE_TESTABILITY = YES;
				ENABLE_USER_SCRIPT_SANDBOXING = YES;
				GCC_C_LANGUAGE_STANDARD = gnu17;
				GCC_DYNAMIC_NO_PIC = NO;
				GCC_NO_COMMON_BLOCKS = YES;
				GCC_OPTIMIZATION_LEVEL = 0;
				GCC_PREPROCESSOR_DEFINITIONS = (
					"DEBUG=1",
					"$(inherited)",
				);
				GCC_WARN_64_TO_32_BIT_CONVERSION = YES;
				GCC_WARN_ABOUT_RETURN_TYPE = YES_ERROR;
				GCC_WARN_UNDECLARED_SELECTOR = YES;
				GCC_WARN_UNINITIALIZED_AUTOS = YES_AGGRESSIVE;
				GCC_WARN_UNUSED_FUNCTION = YES;
				GCC_WARN_UNUSED_VARIABLE = YES;
				IPHONEOS_DEPLOYMENT_TARGET = 26.0;
				LOCALIZATION_PREFERS_STRING_CATALOGS = YES;
				MTL_ENABLE_DEBUG_INFO = INCLUDE_SOURCE;
				MTL_FAST_MATH = YES;
				ONLY_ACTIVE_ARCH = YES;
				SDKROOT = iphoneos;
				SWIFT_ACTIVE_COMPILATION_CONDITIONS = "DEBUG $(inherited)";
				SWIFT_OPTIMIZATION_LEVEL = "-Onone";
			};
			name = Debug;
		};
		HH000002 /* Release */ = {
			isa = XCBuildConfiguration;
			buildSettings = {
				ALWAYS_SEARCH_USER_PATHS = NO;
				ASSETCATALOG_COMPILER_GENERATE_SWIFT_ASSET_SYMBOL_EXTENSIONS = YES;
				CLANG_ANALYZER_NONNULL = YES;
				CLANG_ANALYZER_NUMBER_OBJECT_CONVERSION = YES_AGGRESSIVE;
				CLANG_CXX_LANGUAGE_STANDARD = "gnu++20";
				CLANG_ENABLE_MODULES = YES;
				CLANG_ENABLE_OBJC_ARC = YES;
				CLANG_ENABLE_OBJC_WEAK = YES;
				CLANG_WARN_BLOCK_CAPTURE_AUTORELEASING = YES;
				CLANG_WARN_BOOL_CONVERSION = YES;
				CLANG_WARN_COMMA = YES;
				CLANG_WARN_CONSTANT_CONVERSION = YES;
				CLANG_WARN_DEPRECATED_OBJC_IMPLEMENTATIONS = YES;
				CLANG_WARN_DIRECT_OBJC_ISA_USAGE = YES_ERROR;
				CLANG_WARN_DOCUMENTATION_COMMENTS = YES;
				CLANG_WARN_EMPTY_BODY = YES;
				CLANG_WARN_ENUM_CONVERSION = YES;
				CLANG_WARN_INFINITE_RECURSION = YES;
				CLANG_WARN_INT_CONVERSION = YES;
				CLANG_WARN_NON_LITERAL_NULL_CONVERSION = YES;
				CLANG_WARN_OBJC_IMPLICIT_RETAIN_SELF = YES;
				CLANG_WARN_OBJC_LITERAL_CONVERSION = YES;
				CLANG_WARN_OBJC_ROOT_CLASS = YES_ERROR;
				CLANG_WARN_QUOTED_INCLUDE_IN_FRAMEWORK_HEADER = YES;
				CLANG_WARN_RANGE_LOOP_ANALYSIS = YES;
				CLANG_WARN_STRICT_PROTOTYPES = YES;
				CLANG_WARN_SUSPICIOUS_MOVE = YES;
				CLANG_WARN_UNGUARDED_AVAILABILITY = YES_AGGRESSIVE;
				CLANG_WARN_UNREACHABLE_CODE = YES;
				CLANG_WARN__DUPLICATE_METHOD_MATCH = YES;
				COPY_PHASE_STRIP = NO;
				DEBUG_INFORMATION_FORMAT = "dwarf-with-dsym";
				ENABLE_NS_ASSERTIONS = NO;
				ENABLE_STRICT_OBJC_MSGSEND = YES;
				ENABLE_USER_SCRIPT_SANDBOXING = YES;
				GCC_C_LANGUAGE_STANDARD = gnu17;
				GCC_NO_COMMON_BLOCKS = YES;
				GCC_WARN_64_TO_32_BIT_CONVERSION = YES;
				GCC_WARN_ABOUT_RETURN_TYPE = YES_ERROR;
				GCC_WARN_UNDECLARED_SELECTOR = YES;
				GCC_WARN_UNINITIALIZED_AUTOS = YES_AGGRESSIVE;
				GCC_WARN_UNUSED_FUNCTION = YES;
				GCC_WARN_UNUSED_VARIABLE = YES;
				IPHONEOS_DEPLOYMENT_TARGET = 26.0;
				LOCALIZATION_PREFERS_STRING_CATALOGS = YES;
				MTL_ENABLE_DEBUG_INFO = NO;
				MTL_FAST_MATH = YES;
				SDKROOT = iphoneos;
				SWIFT_COMPILATION_MODE = wholemodule;
				VALIDATE_PRODUCT = YES;
			};
			name = Release;
		};
		II000001 /* Debug */ = {
			isa = XCBuildConfiguration;
			buildSettings = {
				ASSETCATALOG_COMPILER_APPICON_NAME = AppIcon;
				ASSETCATALOG_COMPILER_GLOBAL_ACCENT_COLOR_NAME = AccentColor;
				CODE_SIGN_ENTITLEMENTS = ios/WalkPadSync.entitlements;
				CODE_SIGN_STYLE = Automatic;
				CURRENT_PROJECT_VERSION = 1;
				DEVELOPMENT_TEAM = TM2Q7CGVRH;
				ENABLE_PREVIEWS = YES;
				GENERATE_INFOPLIST_FILE = NO;
				INFOPLIST_FILE = ios/Info.plist;
				INFOPLIST_KEY_NSHealthShareUsageDescription = "WalkPad Sync needs to read your health data to prevent duplicate workout entries.";
				INFOPLIST_KEY_NSHealthUpdateUsageDescription = "WalkPad Sync saves your walking pad workout data to Apple Health.";
				INFOPLIST_KEY_UIApplicationSceneManifest_Generation = YES;
				INFOPLIST_KEY_UIApplicationSupportsIndirectInputEvents = YES;
				INFOPLIST_KEY_UILaunchScreen_Generation = YES;
				INFOPLIST_KEY_UISupportedInterfaceOrientations = "UIInterfaceOrientationPortrait UIInterfaceOrientationLandscapeLeft UIInterfaceOrientationLandscapeRight";
				INFOPLIST_KEY_UISupportedInterfaceOrientations_iPad = "UIInterfaceOrientationPortrait UIInterfaceOrientationPortraitUpsideDown UIInterfaceOrientationLandscapeLeft UIInterfaceOrientationLandscapeRight";
				IPHONEOS_DEPLOYMENT_TARGET = 26.0;
				LD_RUNPATH_SEARCH_PATHS = (
					"$(inherited)",
					"@executable_path/Frameworks",
				);
				MARKETING_VERSION = 1.0.0;
				PRODUCT_BUNDLE_IDENTIFIER = dev.lsof.walkpadsync;
				PRODUCT_NAME = "$(TARGET_NAME)";
				SWIFT_EMIT_LOC_STRINGS = YES;
				SWIFT_VERSION = 5.0;
				TARGETED_DEVICE_FAMILY = "1,2";
			};
			name = Debug;
		};
		II000002 /* Release */ = {
			isa = XCBuildConfiguration;
			buildSettings = {
				ASSETCATALOG_COMPILER_APPICON_NAME = AppIcon;
				ASSETCATALOG_COMPILER_GLOBAL_ACCENT_COLOR_NAME = AccentColor;
				CODE_SIGN_ENTITLEMENTS = ios/WalkPadSync.entitlements;
				CODE_SIGN_STYLE = Automatic;
				CURRENT_PROJECT_VERSION = 1;
				DEVELOPMENT_TEAM = TM2Q7CGVRH;
				ENABLE_PREVIEWS = YES;
				GENERATE_INFOPLIST_FILE = NO;
				INFOPLIST_FILE = ios/Info.plist;
				INFOPLIST_KEY_NSHealthShareUsageDescription = "WalkPad Sync needs to read your health data to prevent duplicate workout entries.";
				INFOPLIST_KEY_NSHealthUpdateUsageDescription = "WalkPad Sync saves your walking pad workout data to Apple Health.";
				INFOPLIST_KEY_UIApplicationSceneManifest_Generation = YES;
				INFOPLIST_KEY_UIApplicationSupportsIndirectInputEvents = YES;
				INFOPLIST_KEY_UILaunchScreen_Generation = YES;
				INFOPLIST_KEY_UISupportedInterfaceOrientations = "UIInterfaceOrientationPortrait UIInterfaceOrientationLandscapeLeft UIInterfaceOrientationLandscapeRight";
				INFOPLIST_KEY_UISupportedInterfaceOrientations_iPad = "UIInterfaceOrientationPortrait UIInterfaceOrientationPortraitUpsideDown UIInterfaceOrientationLandscapeLeft UIInterfaceOrientationLandscapeRight";
				IPHONEOS_DEPLOYMENT_TARGET = 26.0;
				LD_RUNPATH_SEARCH_PATHS = (
					"$(inherited)",
					"@executable_path/Frameworks",
				);
				MARKETING_VERSION = 1.0.0;
				PRODUCT_BUNDLE_IDENTIFIER = dev.lsof.walkpadsync;
				PRODUCT_NAME = "$(TARGET_NAME)";
				SWIFT_EMIT_LOC_STRINGS = YES;
				SWIFT_VERSION = 5.0;
				TARGETED_DEVICE_FAMILY = "1,2";
			};
			name = Release;
		};
/* End XCBuildConfiguration section */

/* Begin XCConfigurationList section */
		FF000002 /* Build configuration list for PBXNativeTarget "WalkPadSync" */ = {
			isa = XCConfigurationList;
			buildConfigurations = (
				II000001 /* Debug */,
				II000002 /* Release */,
			);
			defaultConfigurationIsVisible = 0;
			defaultConfigurationName = Release;
		};
		GG000002 /* Build configuration list for PBXProject "WalkPadSync" */ = {
			isa = XCConfigurationList;
			buildConfigurations = (
				HH000001 /* Debug */,
				HH000002 /* Release */,
			);
			defaultConfigurationIsVisible = 0;
			defaultConfigurationName = Release;
		};
/* End XCConfigurationList section */
	};
	rootObject = GG000001 /* Project object */;
}
